{
  "name": "tiny-robot-mma",
  "version": "1.0.0",
  "lockfileVersion": 1,
  "requires": true,
  "dependencies": {
    "phaser3-plugin-isometric": {
      "version": "0.0.7",
      "resolved": "https://registry.npmjs.org/phaser3-plugin-isometric/-/phaser3-plugin-isometric-0.0.7.tgz",
      "integrity": "sha512-k8CSclGOBQdTuJXp6WoBeMC7wPJhdWLRDnYsyRHmIFixThfvlrrERePyO9P39dmxY2YBiEIhpI3DbVocF6WJXQ=="
    }
  }
}
